
Microsoft Visual Studio Solution File, Format Version 12.00
# Visual Studio Version 17
VisualStudioVersion = 17.1.32210.238
MinimumVisualStudioVersion = 10.0.40219.1
Project("{FAE04EC0-301F-11D3-BF4B-00C04F79EFBC}") = "Portals of Madness", "Portals of Madness\Portals of Madness.csproj", "{05089ECC-AA28-4BAF-AB1B-CD33EB8F13E1}"
EndProject
Project("{930C7802-8A8C-48F9-8165-68863BCCD9DD}") = "Portals of Madness Installer", "Portals of Madness Installer\Portals of Madness Installer.wixproj", "{24BE1CF1-3505-470B-995C-112E0CB3A751}"
EndProject
Global
	GlobalSection(SolutionConfigurationPlatforms) = preSolution
		Debug|x64 = Debug|x64
		Debug|x86 = Debug|x86
		Release|x64 = Release|x64
		Release|x86 = Release|x86
	EndGlobalSection
	GlobalSection(ProjectConfigurationPlatforms) = postSolution
		{05089ECC-AA28-4BAF-AB1B-CD33EB8F13E1}.Debug|x64.ActiveCfg = Debug|Any CPU
		{05089ECC-AA28-4BAF-AB1B-CD33EB8F13E1}.Debug|x64.Build.0 = Debug|Any CPU
		{05089ECC-AA28-4BAF-AB1B-CD33EB8F13E1}.Debug|x86.ActiveCfg = Debug|Any CPU
		{05089ECC-AA28-4BAF-AB1B-CD33EB8F13E1}.Debug|x86.Build.0 = Debug|Any CPU
		{05089ECC-AA28-4BAF-AB1B-CD33EB8F13E1}.Release|x64.ActiveCfg = Release|x64
		{05089ECC-AA28-4BAF-AB1B-CD33EB8F13E1}.Release|x64.Build.0 = Release|x64
		{05089ECC-AA28-4BAF-AB1B-CD33EB8F13E1}.Release|x86.ActiveCfg = Release|Any CPU
		{05089ECC-AA28-4BAF-AB1B-CD33EB8F13E1}.Release|x86.Build.0 = Release|Any CPU
		{24BE1CF1-3505-470B-995C-112E0CB3A751}.Debug|x64.ActiveCfg = Debug|x64
		{24BE1CF1-3505-470B-995C-112E0CB3A751}.Debug|x86.ActiveCfg = Debug|x86
		{24BE1CF1-3505-470B-995C-112E0CB3A751}.Release|x64.ActiveCfg = Release|x86
		{24BE1CF1-3505-470B-995C-112E0CB3A751}.Release|x64.Build.0 = Release|x86
		{24BE1CF1-3505-470B-995C-112E0CB3A751}.Release|x86.ActiveCfg = Release|x86
		{24BE1CF1-3505-470B-995C-112E0CB3A751}.Release|x86.Build.0 = Release|x86
	EndGlobalSection
	GlobalSection(SolutionProperties) = preSolution
		HideSolutionNode = FALSE
	EndGlobalSection
	GlobalSection(ExtensibilityGlobals) = postSolution
		SolutionGuid = {D81456AF-92E2-40CC-8E15-BB0FA9F226C2}
	EndGlobalSection
EndGlobal
